
Microsoft Visual Studio Solution File, Format Version 12.00
# Visual Studio Version 17
VisualStudioVersion = 17.5.33627.172
MinimumVisualStudioVersion = 10.0.40219.1
Project("{9A19103F-16F7-4668-BE54-9A1E7A4F7556}") = "ConsoleProgramming", "ConsoleProgramming\ConsoleProgramming.csproj", "{33AFB801-6A71-4D46-8EA4-7F8568AF9ED8}"
EndProject
Project("{9A19103F-16F7-4668-BE54-9A1E7A4F7556}") = "Variables", "Variables\Variables.csproj", "{70098F3C-67C3-424D-A5CE-9E4D355F01FE}"
EndProject
Project("{9A19103F-16F7-4668-BE54-9A1E7A4F7556}") = "Operators", "Operators\Operators.csproj", "{7FFC946A-3D53-4088-A7AC-7A8D75AA9B0E}"
EndProject
Project("{9A19103F-16F7-4668-BE54-9A1E7A4F7556}") = "ClassInstance", "ClassInstance\ClassInstance.csproj", "{82F3BF8E-2CB1-4B9F-91E1-5A8123C370A6}"
EndProject
Project("{9A19103F-16F7-4668-BE54-9A1E7A4F7556}") = "Encapsulation", "Encapsulation\Encapsulation.csproj", "{C68B8429-7B7C-4E26-BBA1-1209AD5D6D76}"
EndProject
Project("{9A19103F-16F7-4668-BE54-9A1E7A4F7556}") = "Statics", "Statics\Statics.csproj", "{722C761F-2597-432C-BD0B-FC0D577B9F70}"
EndProject
Project("{9A19103F-16F7-4668-BE54-9A1E7A4F7556}") = "Struct", "Struct\Struct.csproj", "{B0596A71-24FC-47CC-A8F3-203305E62799}"
EndProject
Project("{9A19103F-16F7-4668-BE54-9A1E7A4F7556}") = "Enums", "Enums\Enums.csproj", "{599286FE-81E4-4E83-8004-D46B9D8F51AE}"
EndProject
Project("{FAE04EC0-301F-11D3-BF4B-00C04F79EFBC}") = "Polymorphism", "Polymorphism\Polymorphism.csproj", "{59A531C1-4B99-478F-A475-D82DB4CFCAAD}"
EndProject
Global
	GlobalSection(SolutionConfigurationPlatforms) = preSolution
		Debug|Any CPU = Debug|Any CPU
		Release|Any CPU = Release|Any CPU
	EndGlobalSection
	GlobalSection(ProjectConfigurationPlatforms) = postSolution
		{33AFB801-6A71-4D46-8EA4-7F8568AF9ED8}.Debug|Any CPU.ActiveCfg = Debug|Any CPU
		{33AFB801-6A71-4D46-8EA4-7F8568AF9ED8}.Debug|Any CPU.Build.0 = Debug|Any CPU
		{33AFB801-6A71-4D46-8EA4-7F8568AF9ED8}.Release|Any CPU.ActiveCfg = Release|Any CPU
		{33AFB801-6A71-4D46-8EA4-7F8568AF9ED8}.Release|Any CPU.Build.0 = Release|Any CPU
		{70098F3C-67C3-424D-A5CE-9E4D355F01FE}.Debug|Any CPU.ActiveCfg = Debug|Any CPU
		{70098F3C-67C3-424D-A5CE-9E4D355F01FE}.Debug|Any CPU.Build.0 = Debug|Any CPU
		{70098F3C-67C3-424D-A5CE-9E4D355F01FE}.Release|Any CPU.ActiveCfg = Release|Any CPU
		{70098F3C-67C3-424D-A5CE-9E4D355F01FE}.Release|Any CPU.Build.0 = Release|Any CPU
		{7FFC946A-3D53-4088-A7AC-7A8D75AA9B0E}.Debug|Any CPU.ActiveCfg = Debug|Any CPU
		{7FFC946A-3D53-4088-A7AC-7A8D75AA9B0E}.Debug|Any CPU.Build.0 = Debug|Any CPU
		{7FFC946A-3D53-4088-A7AC-7A8D75AA9B0E}.Release|Any CPU.ActiveCfg = Release|Any CPU
		{7FFC946A-3D53-4088-A7AC-7A8D75AA9B0E}.Release|Any CPU.Build.0 = Release|Any CPU
		{82F3BF8E-2CB1-4B9F-91E1-5A8123C370A6}.Debug|Any CPU.ActiveCfg = Debug|Any CPU
		{82F3BF8E-2CB1-4B9F-91E1-5A8123C370A6}.Debug|Any CPU.Build.0 = Debug|Any CPU
		{82F3BF8E-2CB1-4B9F-91E1-5A8123C370A6}.Release|Any CPU.ActiveCfg = Release|Any CPU
		{82F3BF8E-2CB1-4B9F-91E1-5A8123C370A6}.Release|Any CPU.Build.0 = Release|Any CPU
		{C68B8429-7B7C-4E26-BBA1-1209AD5D6D76}.Debug|Any CPU.ActiveCfg = Debug|Any CPU
		{C68B8429-7B7C-4E26-BBA1-1209AD5D6D76}.Debug|Any CPU.Build.0 = Debug|Any CPU
		{C68B8429-7B7C-4E26-BBA1-1209AD5D6D76}.Release|Any CPU.ActiveCfg = Release|Any CPU
		{C68B8429-7B7C-4E26-BBA1-1209AD5D6D76}.Release|Any CPU.Build.0 = Release|Any CPU
		{722C761F-2597-432C-BD0B-FC0D577B9F70}.Debug|Any CPU.ActiveCfg = Debug|Any CPU
		{722C761F-2597-432C-BD0B-FC0D577B9F70}.Debug|Any CPU.Build.0 = Debug|Any CPU
		{722C761F-2597-432C-BD0B-FC0D577B9F70}.Release|Any CPU.ActiveCfg = Release|Any CPU
		{722C761F-2597-432C-BD0B-FC0D577B9F70}.Release|Any CPU.Build.0 = Release|Any CPU
		{B0596A71-24FC-47CC-A8F3-203305E62799}.Debug|Any CPU.ActiveCfg = Debug|Any CPU
		{B0596A71-24FC-47CC-A8F3-203305E62799}.Debug|Any CPU.Build.0 = Debug|Any CPU
		{B0596A71-24FC-47CC-A8F3-203305E62799}.Release|Any CPU.ActiveCfg = Release|Any CPU
		{B0596A71-24FC-47CC-A8F3-203305E62799}.Release|Any CPU.Build.0 = Release|Any CPU
		{599286FE-81E4-4E83-8004-D46B9D8F51AE}.Debug|Any CPU.ActiveCfg = Debug|Any CPU
		{599286FE-81E4-4E83-8004-D46B9D8F51AE}.Debug|Any CPU.Build.0 = Debug|Any CPU
		{599286FE-81E4-4E83-8004-D46B9D8F51AE}.Release|Any CPU.ActiveCfg = Release|Any CPU
		{599286FE-81E4-4E83-8004-D46B9D8F51AE}.Release|Any CPU.Build.0 = Release|Any CPU
		{59A531C1-4B99-478F-A475-D82DB4CFCAAD}.Debug|Any CPU.ActiveCfg = Debug|Any CPU
		{59A531C1-4B99-478F-A475-D82DB4CFCAAD}.Debug|Any CPU.Build.0 = Debug|Any CPU
		{59A531C1-4B99-478F-A475-D82DB4CFCAAD}.Release|Any CPU.ActiveCfg = Release|Any CPU
		{59A531C1-4B99-478F-A475-D82DB4CFCAAD}.Release|Any CPU.Build.0 = Release|Any CPU
	EndGlobalSection
	GlobalSection(SolutionProperties) = preSolution
		HideSolutionNode = FALSE
	EndGlobalSection
	GlobalSection(ExtensibilityGlobals) = postSolution
		SolutionGuid = {9E3B8408-A4F9-4970-9D79-3ACDF61331DC}
	EndGlobalSection
EndGlobal
